{
  "name": "rvc-to-onnx-minimal",
  "version": "1.0.0",
  "lockfileVersion": 3,
  "requires": true,
  "packages": {
    "": {
      "name": "rvc-to-onnx-minimal",
      "version": "1.0.0",
      "dependencies": {
        "rvc-onnx-web": "^1.0.0"
      }
    },
    "node_modules/fflate": {
      "version": "0.8.3",
      "resolved": "https://registry.npmjs.org/fflate/-/fflate-0.8.3.tgz",
      "integrity": "sha512-tbZNuJrLwGUp3zshBtdy4W+ORxZuIh8a5ilyIEQDC5rY1f3U20JMry0Ll3WBzU58EZKsEuJFXhb5gwv8CsPvgA==",
      "license": "MIT"
    },
    "node_modules/rvc-onnx-web": {
      "version": "1.0.0",
      "resolved": "https://registry.npmjs.org/rvc-onnx-web/-/rvc-onnx-web-1.0.0.tgz",
      "integrity": "sha512-je8IiIxGC+gG2HCfgsZFiqVWBwYRWV5yH9IruLqg0ywNPvFpWwIdqQrLKvDszCtW2ln/ZTidQMpXo9icilh8SQ==",
      "license": "MIT",
      "dependencies": {
        "fflate": "^0.8.2"
      },
      "engines": {
        "node": ">=18.0.0"
      }
    }
  }
}
